
Microsoft Visual Studio Solution File, Format Version 12.00
# Visual Studio 15
VisualStudioVersion = 15.0.28307.539
MinimumVisualStudioVersion = 10.0.40219.1
Project("{FAE04EC0-301F-11D3-BF4B-00C04F79EFBC}") = "NpvCalculator", "NpvCalculator\NpvCalculator.csproj", "{589D3778-A9EB-428B-A0AE-49A5C5241379}"
EndProject
Project("{FAE04EC0-301F-11D3-BF4B-00C04F79EFBC}") = "NpvCalculator.Business", "NpvCalculator.Business\NpvCalculator.Business.csproj", "{8C1BE377-E29C-4A2B-A787-167B441EE76C}"
EndProject
Project("{FAE04EC0-301F-11D3-BF4B-00C04F79EFBC}") = "NpvCalculator.DataAccess", "NpvCalculator.DataAccess\NpvCalculator.DataAccess.csproj", "{DE6D5CE7-5E20-4BF0-AA6B-F10A78AEBB3B}"
EndProject
Project("{FAE04EC0-301F-11D3-BF4B-00C04F79EFBC}") = "NpvCalculator.Common", "NpvCalculator.Common\NpvCalculator.Common.csproj", "{84B9831D-C75C-47FA-906F-2E6ED220A005}"
EndProject
Global
	GlobalSection(SolutionConfigurationPlatforms) = preSolution
		Debug|Any CPU = Debug|Any CPU
		Release|Any CPU = Release|Any CPU
	EndGlobalSection
	GlobalSection(ProjectConfigurationPlatforms) = postSolution
		{589D3778-A9EB-428B-A0AE-49A5C5241379}.Debug|Any CPU.ActiveCfg = Debug|Any CPU
		{589D3778-A9EB-428B-A0AE-49A5C5241379}.Debug|Any CPU.Build.0 = Debug|Any CPU
		{589D3778-A9EB-428B-A0AE-49A5C5241379}.Release|Any CPU.ActiveCfg = Release|Any CPU
		{589D3778-A9EB-428B-A0AE-49A5C5241379}.Release|Any CPU.Build.0 = Release|Any CPU
		{8C1BE377-E29C-4A2B-A787-167B441EE76C}.Debug|Any CPU.ActiveCfg = Debug|Any CPU
		{8C1BE377-E29C-4A2B-A787-167B441EE76C}.Debug|Any CPU.Build.0 = Debug|Any CPU
		{8C1BE377-E29C-4A2B-A787-167B441EE76C}.Release|Any CPU.ActiveCfg = Release|Any CPU
		{8C1BE377-E29C-4A2B-A787-167B441EE76C}.Release|Any CPU.Build.0 = Release|Any CPU
		{DE6D5CE7-5E20-4BF0-AA6B-F10A78AEBB3B}.Debug|Any CPU.ActiveCfg = Debug|Any CPU
		{DE6D5CE7-5E20-4BF0-AA6B-F10A78AEBB3B}.Debug|Any CPU.Build.0 = Debug|Any CPU
		{DE6D5CE7-5E20-4BF0-AA6B-F10A78AEBB3B}.Release|Any CPU.ActiveCfg = Release|Any CPU
		{DE6D5CE7-5E20-4BF0-AA6B-F10A78AEBB3B}.Release|Any CPU.Build.0 = Release|Any CPU
		{84B9831D-C75C-47FA-906F-2E6ED220A005}.Debug|Any CPU.ActiveCfg = Debug|Any CPU
		{84B9831D-C75C-47FA-906F-2E6ED220A005}.Debug|Any CPU.Build.0 = Debug|Any CPU
		{84B9831D-C75C-47FA-906F-2E6ED220A005}.Release|Any CPU.ActiveCfg = Release|Any CPU
		{84B9831D-C75C-47FA-906F-2E6ED220A005}.Release|Any CPU.Build.0 = Release|Any CPU
	EndGlobalSection
	GlobalSection(SolutionProperties) = preSolution
		HideSolutionNode = FALSE
	EndGlobalSection
	GlobalSection(ExtensibilityGlobals) = postSolution
		SolutionGuid = {94B80A3C-D58D-431A-9D35-03C1AC7DB016}
	EndGlobalSection
EndGlobal
